{
  "name": "public",
  "version": "1.0.0",
  "lockfileVersion": 1,
  "requires": true,
  "dependencies": {
    "ag-channel": {
      "version": "4.0.2",
      "resolved": "https://registry.npmjs.org/ag-channel/-/ag-channel-4.0.2.tgz",
      "integrity": "sha512-GU20s/ZGjt0L1H+OJ+bISlXnReWAh5t+HRHAMrBLWaAlKOnvkRr7hQ7Bv+1O/TPGmGA7hJGRiqNtoZkAnE9/MQ==",
      "requires": {
        "consumable-stream": "^1.0.0"
      }
    },
    "ag-collection": {
      "version": "1.4.5",
      "resolved": "https://registry.npmjs.org/ag-collection/-/ag-collection-1.4.5.tgz",
      "integrity": "sha512-EsHcWquEBKVmEk+5PT0Mc6tQoz7Xa/zCAQu1PTplS7+8Bi5ZpFKY/m39PqOqLaM0cpPFkRn5kHdnIsIa1HtHYw==",
      "requires": {
        "ag-model": "^1.1.2",
        "async-stream-emitter": "^3.0.3",
        "sc-json-stable-stringify": "^2.0.0"
      }
    },
    "ag-model": {
      "version": "1.1.2",
      "resolved": "https://registry.npmjs.org/ag-model/-/ag-model-1.1.2.tgz",
      "integrity": "sha512-Y3Rxi2+tg/JLeWkkvytbmH61w8k9uQMFUZcOd/w1y1B/+TlzQtMfFepD/hyWw30CqPt4Zb3F7zdEjXCM1MJobA==",
      "requires": {
        "async-stream-emitter": "^3.0.3",
        "sc-json-stable-stringify": "^2.0.0"
      }
    },
    "ag-request": {
      "version": "1.0.0",
      "resolved": "https://registry.npmjs.org/ag-request/-/ag-request-1.0.0.tgz",
      "integrity": "sha512-2f7I0cQLMVyGAqjSewVMEFuAsJsIY6egdE16UHS636r+8c6Oevrv0j6SrOIXyRN6yuNT4PBuhiKmrhHbh9OvEg==",
      "requires": {
        "sc-errors": "^2.0.0"
      }
    },
    "async-limiter": {
      "version": "1.0.0",
      "resolved": "https://registry.npmjs.org/async-limiter/-/async-limiter-1.0.0.tgz",
      "integrity": "sha512-jp/uFnooOiO+L211eZOoSyzpOITMXx1rBITauYykG3BRYPu8h0UcxsPNB04RR5vo4Tyz3+ay17tR6JVf9qzYWg=="
    },
    "async-stream-emitter": {
      "version": "3.0.3",
      "resolved": "https://registry.npmjs.org/async-stream-emitter/-/async-stream-emitter-3.0.3.tgz",
      "integrity": "sha512-zXfmhWvPFWwzp5KEpdGrH3GDs1t0WZM6/Q2QoMerYFpc2z0H2KnXl4yNsN5PYNfcEym8leBWhoNxnijv646U0g==",
      "requires": {
        "stream-demux": "^7.0.1"
      }
    },
    "asyngular-client": {
      "version": "6.0.0",
      "resolved": "https://registry.npmjs.org/asyngular-client/-/asyngular-client-6.0.0.tgz",
      "integrity": "sha512-FecOq6f3z+UV+1/nZlXzdB0HBVDW07GH1vcWNdxcN42+ZqhkEJ2MQLB/kn9O1xMFafAl+94g134tbaKYS+vC3Q==",
      "requires": {
        "ag-channel": "^4.0.2",
        "ag-request": "^1.0.0",
        "async-stream-emitter": "^3.0.2",
        "buffer": "^5.2.1",
        "linked-list": "^0.1.0",
        "lodash.clonedeep": "^4.5.0",
        "querystring": "^0.2.0",
        "sc-errors": "^2.0.0",
        "sc-formatter": "^3.0.2",
        "stream-demux": "^7.0.1",
        "uuid": "^3.2.1",
        "ws": "^6.1.2"
      }
    },
    "base64-js": {
      "version": "1.3.0",
      "resolved": "https://registry.npmjs.org/base64-js/-/base64-js-1.3.0.tgz",
      "integrity": "sha512-ccav/yGvoa80BQDljCxsmmQ3Xvx60/UpBIij5QN21W3wBi/hhIC9OoO+KLpu9IJTS9j4DRVJ3aDDF9cMSoa2lw=="
    },
    "buffer": {
      "version": "5.2.1",
      "resolved": "https://registry.npmjs.org/buffer/-/buffer-5.2.1.tgz",
      "integrity": "sha512-c+Ko0loDaFfuPWiL02ls9Xd3GO3cPVmUobQ6t3rXNUk304u6hGq+8N/kFi+QEIKhzK3uwolVhLzszmfLmMLnqg==",
      "requires": {
        "base64-js": "^1.0.2",
        "ieee754": "^1.1.4"
      }
    },
    "bulma": {
      "version": "0.7.5",
      "resolved": "https://registry.npmjs.org/bulma/-/bulma-0.7.5.tgz",
      "integrity": "sha512-cX98TIn0I6sKba/DhW0FBjtaDpxTelU166pf7ICXpCCuplHWyu6C9LYZmL5PEsnePIeJaiorsTEzzNk3Tsm1hw=="
    },
    "consumable-stream": {
      "version": "1.0.0",
      "resolved": "https://registry.npmjs.org/consumable-stream/-/consumable-stream-1.0.0.tgz",
      "integrity": "sha512-CwX4ZzpSMWxTG9Q3tNM+UNlevMfWX1hjR033MlKkT8ChfH9R+Rl7YQu7FCeMMv4bRv9yO33p8aYoX0EwdijaUA=="
    },
    "ieee754": {
      "version": "1.1.13",
      "resolved": "https://registry.npmjs.org/ieee754/-/ieee754-1.1.13.tgz",
      "integrity": "sha512-4vf7I2LYV/HaWerSo3XmlMkp5eZ83i+/CDluXi/IGTs/O1sejBNhTtnxzmRZfvOUqj7lZjqHkeTvpgSFDlWZTg=="
    },
    "linked-list": {
      "version": "0.1.0",
      "resolved": "https://registry.npmjs.org/linked-list/-/linked-list-0.1.0.tgz",
      "integrity": "sha1-eYsP+X0bkqT9CEgPVa6k6dSdN78="
    },
    "lodash.clonedeep": {
      "version": "4.5.0",
      "resolved": "https://registry.npmjs.org/lodash.clonedeep/-/lodash.clonedeep-4.5.0.tgz",
      "integrity": "sha1-4j8/nE+Pvd6HJSnBBxhXoIblzO8="
    },
    "querystring": {
      "version": "0.2.0",
      "resolved": "https://registry.npmjs.org/querystring/-/querystring-0.2.0.tgz",
      "integrity": "sha1-sgmEkgO7Jd+CDadW50cAWHhSFiA="
    },
    "sc-errors": {
      "version": "2.0.0",
      "resolved": "https://registry.npmjs.org/sc-errors/-/sc-errors-2.0.0.tgz",
      "integrity": "sha512-zLIg4GskHvkBM7gpKl7JrdU1FXVYsYCavsUeTILFIi/YsuOHLN9OTlFcMp6otb+ebpNEnpcDJI395YXZPif+fw=="
    },
    "sc-formatter": {
      "version": "3.0.2",
      "resolved": "https://registry.npmjs.org/sc-formatter/-/sc-formatter-3.0.2.tgz",
      "integrity": "sha512-9PbqYBpCq+OoEeRQ3QfFIGE6qwjjBcd2j7UjgDlhnZbtSnuGgHdcRklPKYGuYFH82V/dwd+AIpu8XvA1zqTd+A=="
    },
    "sc-json-stable-stringify": {
      "version": "2.0.0",
      "resolved": "https://registry.npmjs.org/sc-json-stable-stringify/-/sc-json-stable-stringify-2.0.0.tgz",
      "integrity": "sha512-24p2gE5mZr9Lhc34HyHki5+hQXF5so0C9xM4+TVT6gohasKzfQ/fNKngB21e4gJ+mzeam/hE9f055VR/U84iGA=="
    },
    "stream-demux": {
      "version": "7.0.1",
      "resolved": "https://registry.npmjs.org/stream-demux/-/stream-demux-7.0.1.tgz",
      "integrity": "sha512-IEWUmiXyMPgAlCG+YhpZpG4S6PMhzYXZITWz0OrqXdzBGpV5vWYiLRc31CJhE9E95dIh4Slwuo0aG/RT/1OvJA==",
      "requires": {
        "consumable-stream": "^1.0.0",
        "writable-consumable-stream": "^1.1.1"
      }
    },
    "uuid": {
      "version": "3.3.2",
      "resolved": "https://registry.npmjs.org/uuid/-/uuid-3.3.2.tgz",
      "integrity": "sha512-yXJmeNaw3DnnKAOKJE51sL/ZaYfWJRl1pK9dr19YFCu0ObS231AB1/LbqTKRAQ5kw8A90rA6fr4riOUpTZvQZA=="
    },
    "vue": {
      "version": "2.6.10",
      "resolved": "https://registry.npmjs.org/vue/-/vue-2.6.10.tgz",
      "integrity": "sha512-ImThpeNU9HbdZL3utgMCq0oiMzAkt1mcgy3/E6zWC/G6AaQoeuFdsl9nDhTDU3X1R6FK7nsIUuRACVcjI+A2GQ=="
    },
    "vue-router": {
      "version": "3.0.2",
      "resolved": "https://registry.npmjs.org/vue-router/-/vue-router-3.0.2.tgz",
      "integrity": "sha512-opKtsxjp9eOcFWdp6xLQPLmRGgfM932Tl56U9chYTnoWqKxQ8M20N7AkdEbM5beUh6wICoFGYugAX9vQjyJLFg=="
    },
    "writable-consumable-stream": {
      "version": "1.1.1",
      "resolved": "https://registry.npmjs.org/writable-consumable-stream/-/writable-consumable-stream-1.1.1.tgz",
      "integrity": "sha512-qARFG8dkQo2kX72UB2gnNwyCBS4x64lFjaJgRQnfbmrJVnfMpmYCUlqLD4kwmsFw6LcWo0Qv5MzkHET2L99ezw==",
      "requires": {
        "consumable-stream": "^1.0.0"
      }
    },
    "ws": {
      "version": "6.2.2",
      "resolved": "https://registry.npmjs.org/ws/-/ws-6.2.2.tgz",
      "integrity": "sha512-zmhltoSR8u1cnDsD43TX59mzoMZsLKqUweyYBAIvTngR3shc0W6aOZylZmq/7hqyVxPdi+5Ud2QInblgyE72fw==",
      "requires": {
        "async-limiter": "~1.0.0"
      }
    }
  }
}
